
Microsoft Visual Studio Solution File, Format Version 12.00
# Visual Studio 14
VisualStudioVersion = 14.0.25420.1
MinimumVisualStudioVersion = 10.0.40219.1
Project("{FAE04EC0-301F-11D3-BF4B-00C04F79EFBC}") = "AspireStudio", "AspireStudio\AspireStudio.csproj", "{1801E82D-A6D6-420D-8A33-84A84D053FD2}"
EndProject
Project("{FAE04EC0-301F-11D3-BF4B-00C04F79EFBC}") = "Primitives", "Primitives\Primitives.csproj", "{285341BD-C4C9-47D2-A57A-E5383B85534A}"
	ProjectSection(ProjectDependencies) = postProject
		{1F3C5BA3-5E33-4F5D-A922-66E5905BB809} = {1F3C5BA3-5E33-4F5D-A922-66E5905BB809}
	EndProjectSection
EndProject
Project("{FAE04EC0-301F-11D3-BF4B-00C04F79EFBC}") = "Space", "Space\Space.csproj", "{96760986-EACD-41CD-A4BD-2CFB4315BE0E}"
EndProject
Project("{FAE04EC0-301F-11D3-BF4B-00C04F79EFBC}") = "Framework", "Framework\Framework.csproj", "{1F3C5BA3-5E33-4F5D-A922-66E5905BB809}"
EndProject
Project("{FAE04EC0-301F-11D3-BF4B-00C04F79EFBC}") = "Utilities", "Utilities\Utilities.csproj", "{3D0C3D1F-4E9F-4066-93CB-3FA8A1A29549}"
EndProject
Project("{FAE04EC0-301F-11D3-BF4B-00C04F79EFBC}") = "Framework.UnitTest", "Framework.UnitTest\Framework.UnitTest.csproj", "{DEA356FC-4697-4AF6-9B8A-CC619ABCD0E2}"
EndProject
Project("{FAE04EC0-301F-11D3-BF4B-00C04F79EFBC}") = "Core", "Core\Core.csproj", "{E236DC25-FEF2-4CA1-81C1-89782ED31B3D}"
EndProject
Project("{FAE04EC0-301F-11D3-BF4B-00C04F79EFBC}") = "CoreModels", "CoreModels\CoreModels.csproj", "{A4FCDEB7-9DFF-4F59-B69F-D6534AF7594E}"
EndProject
Project("{2150E333-8FDC-42A3-9474-1A3956D46DE8}") = "Solution Items", "Solution Items", "{7104D8B1-6D46-4787-9A03-24A085FD9F38}"
EndProject
Project("{2150E333-8FDC-42A3-9474-1A3956D46DE8}") = "AspireStudio Solutions", "AspireStudio Solutions", "{0B2ED5FE-317E-408A-8432-2EF29945C6B5}"
EndProject
Project("{2150E333-8FDC-42A3-9474-1A3956D46DE8}") = "AspireStudio", "AspireStudio", "{FEDCACF5-03B3-460D-8E27-60F6BBE0BFBF}"
	ProjectSection(SolutionItems) = preProject
		Solutions\AspireStudio\AspireStudio.Asln = Solutions\AspireStudio\AspireStudio.Asln
		Solutions\AspireStudio\BrowserList.xml = Solutions\AspireStudio\BrowserList.xml
	EndProjectSection
EndProject
Project("{2150E333-8FDC-42A3-9474-1A3956D46DE8}") = "Browser", "Browser", "{5113CA16-8899-48F5-B2CA-3FDB04AC80AD}"
	ProjectSection(SolutionItems) = preProject
		Solutions\Browser\AspireBrowser.Asln = Solutions\Browser\AspireBrowser.Asln
		Solutions\Browser\BrowserList.xml = Solutions\Browser\BrowserList.xml
	EndProjectSection
EndProject
Project("{FAE04EC0-301F-11D3-BF4B-00C04F79EFBC}") = "BrowsingUI", "BrowsingUI\BrowsingUI.csproj", "{72AAC24D-CC5C-4F1E-A2D8-A0DEAE64662C}"
EndProject
Project("{FAE04EC0-301F-11D3-BF4B-00C04F79EFBC}") = "UiToolbox", "UiToolbox\UiToolbox.csproj", "{082F6A94-FDE9-4DBA-8AC1-5E87DD609D3C}"
EndProject
Project("{FAE04EC0-301F-11D3-BF4B-00C04F79EFBC}") = "ToolBox", "thirdparty\ToolBox\ToolBox.csproj", "{D937E1F4-1B9F-4567-B28E-EED24AA31C9C}"
EndProject
Project("{6141683F-8A12-4E36-9623-2EB02B2C2303}") = "Installer", "Installer\Installer.isproj", "{CFAE413C-163B-429A-A96E-D9B7A1CDF641}"
EndProject
Project("{7CF6DF6D-3B04-46F8-A40B-537D21BCA0B4}") = "ApiReference", "ApiReference\ApiReference.shfbproj", "{6DEE0725-F9BD-4D47-9CEC-8E0B5369B691}"
EndProject
Global
	GlobalSection(SolutionConfigurationPlatforms) = preSolution
		Debug|Any CPU = Debug|Any CPU
		Release|Any CPU = Release|Any CPU
	EndGlobalSection
	GlobalSection(ProjectConfigurationPlatforms) = postSolution
		{1801E82D-A6D6-420D-8A33-84A84D053FD2}.Debug|Any CPU.ActiveCfg = Debug|Any CPU
		{1801E82D-A6D6-420D-8A33-84A84D053FD2}.Debug|Any CPU.Build.0 = Debug|Any CPU
		{1801E82D-A6D6-420D-8A33-84A84D053FD2}.Release|Any CPU.ActiveCfg = Release|Any CPU
		{1801E82D-A6D6-420D-8A33-84A84D053FD2}.Release|Any CPU.Build.0 = Release|Any CPU
		{285341BD-C4C9-47D2-A57A-E5383B85534A}.Debug|Any CPU.ActiveCfg = Debug|Any CPU
		{285341BD-C4C9-47D2-A57A-E5383B85534A}.Debug|Any CPU.Build.0 = Debug|Any CPU
		{285341BD-C4C9-47D2-A57A-E5383B85534A}.Release|Any CPU.ActiveCfg = Release|Any CPU
		{285341BD-C4C9-47D2-A57A-E5383B85534A}.Release|Any CPU.Build.0 = Release|Any CPU
		{96760986-EACD-41CD-A4BD-2CFB4315BE0E}.Debug|Any CPU.ActiveCfg = Debug|Any CPU
		{96760986-EACD-41CD-A4BD-2CFB4315BE0E}.Debug|Any CPU.Build.0 = Debug|Any CPU
		{96760986-EACD-41CD-A4BD-2CFB4315BE0E}.Release|Any CPU.ActiveCfg = Release|Any CPU
		{96760986-EACD-41CD-A4BD-2CFB4315BE0E}.Release|Any CPU.Build.0 = Release|Any CPU
		{1F3C5BA3-5E33-4F5D-A922-66E5905BB809}.Debug|Any CPU.ActiveCfg = Debug|Any CPU
		{1F3C5BA3-5E33-4F5D-A922-66E5905BB809}.Debug|Any CPU.Build.0 = Debug|Any CPU
		{1F3C5BA3-5E33-4F5D-A922-66E5905BB809}.Release|Any CPU.ActiveCfg = Release|Any CPU
		{1F3C5BA3-5E33-4F5D-A922-66E5905BB809}.Release|Any CPU.Build.0 = Release|Any CPU
		{3D0C3D1F-4E9F-4066-93CB-3FA8A1A29549}.Debug|Any CPU.ActiveCfg = Debug|Any CPU
		{3D0C3D1F-4E9F-4066-93CB-3FA8A1A29549}.Debug|Any CPU.Build.0 = Debug|Any CPU
		{3D0C3D1F-4E9F-4066-93CB-3FA8A1A29549}.Release|Any CPU.ActiveCfg = Release|Any CPU
		{3D0C3D1F-4E9F-4066-93CB-3FA8A1A29549}.Release|Any CPU.Build.0 = Release|Any CPU
		{DEA356FC-4697-4AF6-9B8A-CC619ABCD0E2}.Debug|Any CPU.ActiveCfg = Debug|Any CPU
		{DEA356FC-4697-4AF6-9B8A-CC619ABCD0E2}.Debug|Any CPU.Build.0 = Debug|Any CPU
		{DEA356FC-4697-4AF6-9B8A-CC619ABCD0E2}.Release|Any CPU.ActiveCfg = Release|Any CPU
		{DEA356FC-4697-4AF6-9B8A-CC619ABCD0E2}.Release|Any CPU.Build.0 = Release|Any CPU
		{E236DC25-FEF2-4CA1-81C1-89782ED31B3D}.Debug|Any CPU.ActiveCfg = Debug|Any CPU
		{E236DC25-FEF2-4CA1-81C1-89782ED31B3D}.Debug|Any CPU.Build.0 = Debug|Any CPU
		{E236DC25-FEF2-4CA1-81C1-89782ED31B3D}.Release|Any CPU.ActiveCfg = Release|Any CPU
		{E236DC25-FEF2-4CA1-81C1-89782ED31B3D}.Release|Any CPU.Build.0 = Release|Any CPU
		{A4FCDEB7-9DFF-4F59-B69F-D6534AF7594E}.Debug|Any CPU.ActiveCfg = Debug|Any CPU
		{A4FCDEB7-9DFF-4F59-B69F-D6534AF7594E}.Debug|Any CPU.Build.0 = Debug|Any CPU
		{A4FCDEB7-9DFF-4F59-B69F-D6534AF7594E}.Release|Any CPU.ActiveCfg = Release|Any CPU
		{A4FCDEB7-9DFF-4F59-B69F-D6534AF7594E}.Release|Any CPU.Build.0 = Release|Any CPU
		{72AAC24D-CC5C-4F1E-A2D8-A0DEAE64662C}.Debug|Any CPU.ActiveCfg = Debug|Any CPU
		{72AAC24D-CC5C-4F1E-A2D8-A0DEAE64662C}.Debug|Any CPU.Build.0 = Debug|Any CPU
		{72AAC24D-CC5C-4F1E-A2D8-A0DEAE64662C}.Release|Any CPU.ActiveCfg = Release|Any CPU
		{72AAC24D-CC5C-4F1E-A2D8-A0DEAE64662C}.Release|Any CPU.Build.0 = Release|Any CPU
		{082F6A94-FDE9-4DBA-8AC1-5E87DD609D3C}.Debug|Any CPU.ActiveCfg = Debug|Any CPU
		{082F6A94-FDE9-4DBA-8AC1-5E87DD609D3C}.Debug|Any CPU.Build.0 = Debug|Any CPU
		{082F6A94-FDE9-4DBA-8AC1-5E87DD609D3C}.Release|Any CPU.ActiveCfg = Release|Any CPU
		{082F6A94-FDE9-4DBA-8AC1-5E87DD609D3C}.Release|Any CPU.Build.0 = Release|Any CPU
		{D937E1F4-1B9F-4567-B28E-EED24AA31C9C}.Debug|Any CPU.ActiveCfg = Debug|Any CPU
		{D937E1F4-1B9F-4567-B28E-EED24AA31C9C}.Debug|Any CPU.Build.0 = Debug|Any CPU
		{D937E1F4-1B9F-4567-B28E-EED24AA31C9C}.Release|Any CPU.ActiveCfg = Release|Any CPU
		{D937E1F4-1B9F-4567-B28E-EED24AA31C9C}.Release|Any CPU.Build.0 = Release|Any CPU
		{CFAE413C-163B-429A-A96E-D9B7A1CDF641}.Debug|Any CPU.ActiveCfg = SingleImage
		{CFAE413C-163B-429A-A96E-D9B7A1CDF641}.Release|Any CPU.ActiveCfg = SingleImage
		{6DEE0725-F9BD-4D47-9CEC-8E0B5369B691}.Debug|Any CPU.ActiveCfg = Debug|Any CPU
		{6DEE0725-F9BD-4D47-9CEC-8E0B5369B691}.Release|Any CPU.ActiveCfg = Release|Any CPU
	EndGlobalSection
	GlobalSection(SolutionProperties) = preSolution
		HideSolutionNode = FALSE
	EndGlobalSection
	GlobalSection(NestedProjects) = preSolution
		{0B2ED5FE-317E-408A-8432-2EF29945C6B5} = {7104D8B1-6D46-4787-9A03-24A085FD9F38}
		{FEDCACF5-03B3-460D-8E27-60F6BBE0BFBF} = {0B2ED5FE-317E-408A-8432-2EF29945C6B5}
		{5113CA16-8899-48F5-B2CA-3FDB04AC80AD} = {0B2ED5FE-317E-408A-8432-2EF29945C6B5}
	EndGlobalSection
EndGlobal
